// !$*UTF8*$!
{
	archiveVersion = 1;
	classes = {
	};
	objectVersion = 46;
	objects = {

/* Begin PBXBuildFile section */
		B7F12C9D20DAC43F00C9794A /* AppDelegate.swift in Sources */ = {isa = PBXBuildFile; fileRef = B7F12C9C20DAC43F00C9794A /* AppDelegate.swift */; };
		B7F12C9F20DAC43F00C9794A /* ViewController.swift in Sources */ = {isa = PBXBuildFile; fileRef = B7F12C9E20DAC43F00C9794A /* ViewController.swift */; };
		B7F12CA220DAC43F00C9794A /* Main.storyboard in Resources */ = {isa = PBXBuildFile; fileRef = B7F12CA020DAC43F00C9794A /* Main.storyboard */; };
		B7F12CA420DAC43F00C9794A /* Assets.xcassets in Resources */ = {isa = PBXBuildFile; fileRef = B7F12CA320DAC43F00C9794A /* Assets.xcassets */; };
		B7F12CA720DAC43F00C9794A /* LaunchScreen.storyboard in Resources */ = {isa = PBXBuildFile; fileRef = B7F12CA520DAC43F00C9794A /* LaunchScreen.storyboard */; };
		B7F12CAF20DAE13B00C9794A /* CatagoriesController.swift in Sources */ = {isa = PBXBuildFile; fileRef = B7F12CAE20DAE13A00C9794A /* CatagoriesController.swift */; };
		B7F12CB120DAEAE400C9794A /* ResultsController.swift in Sources */ = {isa = PBXBuildFile; fileRef = B7F12CB020DAEAE400C9794A /* ResultsController.swift */; };
/* End PBXBuildFile section */

/* Begin PBXFileReference section */
		B7F12C9920DAC43F00C9794A /* MyiRecommendationApp.app */ = {isa = PBXFileReference; explicitFileType = wrapper.application; includeInIndex = 0; path = MyiRecommendationApp.app; sourceTree = BUILT_PRODUCTS_DIR; };
		B7F12C9C20DAC43F00C9794A /* AppDelegate.swift */ = {isa = PBXFileReference; lastKnownFileType = sourcecode.swift; path = AppDelegate.swift; sourceTree = "<group>"; };
		B7F12C9E20DAC43F00C9794A /* ViewController.swift */ = {isa = PBXFileReference; lastKnownFileType = sourcecode.swift; path = ViewController.swift; sourceTree = "<group>"; };
		B7F12CA120DAC43F00C9794A /* Base */ = {isa = PBXFileReference; lastKnownFileType = file.storyboard; name = Base; path = Base.lproj/Main.storyboard; sourceTree = "<group>"; };
		B7F12CA320DAC43F00C9794A /* Assets.xcassets */ = {isa = PBXFileReference; lastKnownFileType = folder.assetcatalog; path = Assets.xcassets; sourceTree = "<group>"; };
		B7F12CA620DAC43F00C9794A /* Base */ = {isa = PBXFileReference; lastKnownFileType = file.storyboard; name = Base; path = Base.lproj/LaunchScreen.storyboard; sourceTree = "<group>"; };
		B7F12CA820DAC43F00C9794A /* Info.plist */ = {isa = PBXFileReference; lastKnownFileType = text.plist.xml; path = Info.plist; sourceTree = "<group>"; };
		B7F12CAE20DAE13A00C9794A /* CatagoriesController.swift */ = {isa = PBXFileReference; fileEncoding = 4; lastKnownFileType = sourcecode.swift; path = CatagoriesController.swift; sourceTree = "<group>"; };
		B7F12CB020DAEAE400C9794A /* ResultsController.swift */ = {isa = PBXFileReference; fileEncoding = 4; lastKnownFileType = sourcecode.swift; path = ResultsController.swift; sourceTree = "<group>"; };
/* End PBXFileReference section */

/* Begin PBXFrameworksBuildPhase section */
		B7F12C9620DAC43F00C9794A /* Frameworks */ = {
			isa = PBXFrameworksBuildPhase;
			buildActionMask = 2147483647;
			files = (
			);
			runOnlyForDeploymentPostprocessing = 0;
		};
/* End PBXFrameworksBuildPhase section */

/* Begin PBXGroup section */
		B7F12C9020DAC43F00C9794A = {
			isa = PBXGroup;
			children = (
				B7F12C9B20DAC43F00C9794A /* MyiRecommendationApp */,
				B7F12C9A20DAC43F00C9794A /* Products */,
			);
			sourceTree = "<group>";
		};
		B7F12C9A20DAC43F00C9794A /* Products */ = {
			isa = PBXGroup;
			children = (
				B7F12C9920DAC43F00C9794A /* MyiRecommendationApp.app */,
			);
			name = Products;
			sourceTree = "<group>";
		};
		B7F12C9B20DAC43F00C9794A /* MyiRecommendationApp */ = {
			isa = PBXGroup;
			children = (
				B7F12C9C20DAC43F00C9794A /* AppDelegate.swift */,
				B7F12C9E20DAC43F00C9794A /* ViewController.swift */,
				B7F12CA020DAC43F00C9794A /* Main.storyboard */,
				B7F12CB020DAEAE400C9794A /* ResultsController.swift */,
				B7F12CAE20DAE13A00C9794A /* CatagoriesController.swift */,
				B7F12CA320DAC43F00C9794A /* Assets.xcassets */,
				B7F12CA520DAC43F00C9794A /* LaunchScreen.storyboard */,
				B7F12CA820DAC43F00C9794A /* Info.plist */,
			);
			path = MyiRecommendationApp;
			sourceTree = "<group>";
		};
/* End PBXGroup section */

/* Begin PBXNativeTarget section */
		B7F12C9820DAC43F00C9794A /* MyiRecommendationApp */ = {
			isa = PBXNativeTarget;
			buildConfigurationList = B7F12CAB20DAC43F00C9794A /* Build configuration list for PBXNativeTarget "MyiRecommendationApp" */;
			buildPhases = (
				B7F12C9520DAC43F00C9794A /* Sources */,
				B7F12C9620DAC43F00C9794A /* Frameworks */,
				B7F12C9720DAC43F00C9794A /* Resources */,
			);
			buildRules = (
			);
			dependencies = (
			);
			name = MyiRecommendationApp;
			productName = MyiRecommendationApp;
			productReference = B7F12C9920DAC43F00C9794A /* MyiRecommendationApp.app */;
			productType = "com.apple.product-type.application";
		};
/* End PBXNativeTarget section */

/* Begin PBXProject section */
		B7F12C9120DAC43F00C9794A /* Project object */ = {
			isa = PBXProject;
			attributes = {
				LastSwiftUpdateCheck = 0820;
				LastUpgradeCheck = 0820;
				ORGANIZATIONNAME = "Girls Who Code";
				TargetAttributes = {
					B7F12C9820DAC43F00C9794A = {
						CreatedOnToolsVersion = 8.2.1;
						ProvisioningStyle = Automatic;
					};
				};
			};
			buildConfigurationList = B7F12C9420DAC43F00C9794A /* Build configuration list for PBXProject "MyiRecommendationApp" */;
			compatibilityVersion = "Xcode 3.2";
			developmentRegion = English;
			hasScannedForEncodings = 0;
			knownRegions = (
				en,
				Base,
			);
			mainGroup = B7F12C9020DAC43F00C9794A;
			productRefGroup = B7F12C9A20DAC43F00C9794A /* Products */;
			projectDirPath = "";
			projectRoot = "";
			targets = (
				B7F12C9820DAC43F00C9794A /* MyiRecommendationApp */,
			);
		};
/* End PBXProject section */

/* Begin PBXResourcesBuildPhase section */
		B7F12C9720DAC43F00C9794A /* Resources */ = {
			isa = PBXResourcesBuildPhase;
			buildActionMask = 2147483647;
			files = (
				B7F12CA720DAC43F00C9794A /* LaunchScreen.storyboard in Resources */,
				B7F12CA420DAC43F00C9794A /* Assets.xcassets in Resources */,
				B7F12CA220DAC43F00C9794A /* Main.storyboard in Resources */,
			);
			runOnlyForDeploymentPostprocessing = 0;
		};
/* End PBXResourcesBuildPhase section */

/* Begin PBXSourcesBuildPhase section */
		B7F12C9520DAC43F00C9794A /* Sources */ = {
			isa = PBXSourcesBuildPhase;
			buildActionMask = 2147483647;
			files = (
				B7F12CB120DAEAE400C9794A /* ResultsController.swift in Sources */,
				B7F12C9F20DAC43F00C9794A /* ViewController.swift in Sources */,
				B7F12C9D20DAC43F00C9794A /* AppDelegate.swift in Sources */,
				B7F12CAF20DAE13B00C9794A /* CatagoriesController.swift in Sources */,
			);
			runOnlyForDeploymentPostprocessing = 0;
		};
/* End PBXSourcesBuildPhase section */

/* Begin PBXVariantGroup section */
		B7F12CA020DAC43F00C9794A /* Main.storyboard */ = {
			isa = PBXVariantGroup;
			children = (
				B7F12CA120DAC43F00C9794A /* Base */,
			);
			name = Main.storyboard;
			sourceTree = "<group>";
		};
		B7F12CA520DAC43F00C9794A /* LaunchScreen.storyboard */ = {
			isa = PBXVariantGroup;
			children = (
				B7F12CA620DAC43F00C9794A /* Base */,
			);
			name = LaunchScreen.storyboard;
			sourceTree = "<group>";
		};
/* End PBXVariantGroup section */

/* Begin XCBuildConfiguration section */
		B7F12CA920DAC43F00C9794A /* Debug */ = {
			isa = XCBuildConfiguration;
			buildSettings = {
				ALWAYS_SEARCH_USER_PATHS = NO;
				CLANG_ANALYZER_NONNULL = YES;
				CLANG_CXX_LANGUAGE_STANDARD = "gnu++0x";
				CLANG_CXX_LIBRARY = "libc++";
				CLANG_ENABLE_MODULES = YES;
				CLANG_ENABLE_OBJC_ARC = YES;
				CLANG_WARN_BOOL_CONVERSION = YES;
				CLANG_WARN_CONSTANT_CONVERSION = YES;
				CLANG_WARN_DIRECT_OBJC_ISA_USAGE = YES_ERROR;
				CLANG_WARN_DOCUMENTATION_COMMENTS = YES;
				CLANG_WARN_EMPTY_BODY = YES;
				CLANG_WARN_ENUM_CONVERSION = YES;
				CLANG_WARN_INFINITE_RECURSION = YES;
				CLANG_WARN_INT_CONVERSION = YES;
				CLANG_WARN_OBJC_ROOT_CLASS = YES_ERROR;
				CLANG_WARN_SUSPICIOUS_MOVE = YES;
				CLANG_WARN_UNREACHABLE_CODE = YES;
				CLANG_WARN__DUPLICATE_METHOD_MATCH = YES;
				"CODE_SIGN_IDENTITY[sdk=iphoneos*]" = "iPhone Developer";
				COPY_PHASE_STRIP = NO;
				DEBUG_INFORMATION_FORMAT = dwarf;
				ENABLE_STRICT_OBJC_MSGSEND = YES;
				ENABLE_TESTABILITY = YES;
				GCC_C_LANGUAGE_STANDARD = gnu99;
				GCC_DYNAMIC_NO_PIC = NO;
				GCC_NO_COMMON_BLOCKS = YES;
				GCC_OPTIMIZATION_LEVEL = 0;
				GCC_PREPROCESSOR_DEFINITIONS = (
					"DEBUG=1",
					"$(inherited)",
				);
				GCC_WARN_64_TO_32_BIT_CONVERSION = YES;
				GCC_WARN_ABOUT_RETURN_TYPE = YES_ERROR;
				GCC_WARN_UNDECLARED_SELECTOR = YES;
				GCC_WARN_UNINITIALIZED_AUTOS = YES_AGGRESSIVE;
				GCC_WARN_UNUSED_FUNCTION = YES;
				GCC_WARN_UNUSED_VARIABLE = YES;
				IPHONEOS_DEPLOYMENT_TARGET = 10.2;
				MTL_ENABLE_DEBUG_INFO = YES;
				ONLY_ACTIVE_ARCH = YES;
				SDKROOT = iphoneos;
				SWIFT_ACTIVE_COMPILATION_CONDITIONS = DEBUG;
				SWIFT_OPTIMIZATION_LEVEL = "-Onone";
				TARGETED_DEVICE_FAMILY = "1,2";
			};
			name = Debug;
		};
		B7F12CAA20DAC43F00C9794A /* Release */ = {
			isa = XCBuildConfiguration;
			buildSettings = {
				ALWAYS_SEARCH_USER_PATHS = NO;
				CLANG_ANALYZER_NONNULL = YES;
				CLANG_CXX_LANGUAGE_STANDARD = "gnu++0x";
				CLANG_CXX_LIBRARY = "libc++";
				CLANG_ENABLE_MODULES = YES;
				CLANG_ENABLE_OBJC_ARC = YES;
				CLANG_WARN_BOOL_CONVERSION = YES;
				CLANG_WARN_CONSTANT_CONVERSION = YES;
				CLANG_WARN_DIRECT_OBJC_ISA_USAGE = YES_ERROR;
				CLANG_WARN_DOCUMENTATION_COMMENTS = YES;
				CLANG_WARN_EMPTY_BODY = YES;
				CLANG_WARN_ENUM_CONVERSION = YES;
				CLANG_WARN_INFINITE_RECURSION = YES;
				CLANG_WARN_INT_CONVERSION = YES;
				CLANG_WARN_OBJC_ROOT_CLASS = YES_ERROR;
				CLANG_WARN_SUSPICIOUS_MOVE = YES;
				CLANG_WARN_UNREACHABLE_CODE = YES;
				CLANG_WARN__DUPLICATE_METHOD_MATCH = YES;
				"CODE_SIGN_IDENTITY[sdk=iphoneos*]" = "iPhone Developer";
				COPY_PHASE_STRIP = NO;
				DEBUG_INFORMATION_FORMAT = "dwarf-with-dsym";
				ENABLE_NS_ASSERTIONS = NO;
				ENABLE_STRICT_OBJC_MSGSEND = YES;
				GCC_C_LANGUAGE_STANDARD = gnu99;
				GCC_NO_COMMON_BLOCKS = YES;
				GCC_WARN_64_TO_32_BIT_CONVERSION = YES;
				GCC_WARN_ABOUT_RETURN_TYPE = YES_ERROR;
				GCC_WARN_UNDECLARED_SELECTOR = YES;
				GCC_WARN_UNINITIALIZED_AUTOS = YES_AGGRESSIVE;
				GCC_WARN_UNUSED_FUNCTION = YES;
				GCC_WARN_UNUSED_VARIABLE = YES;
				IPHONEOS_DEPLOYMENT_TARGET = 10.2;
				MTL_ENABLE_DEBUG_INFO = NO;
				SDKROOT = iphoneos;
				SWIFT_OPTIMIZATION_LEVEL = "-Owholemodule";
				TARGETED_DEVICE_FAMILY = "1,2";
				VALIDATE_PRODUCT = YES;
			};
			name = Release;
		};
		B7F12CAC20DAC43F00C9794A /* Debug */ = {
			isa = XCBuildConfiguration;
			buildSettings = {
				ASSETCATALOG_COMPILER_APPICON_NAME = AppIcon;
				INFOPLIST_FILE = MyiRecommendationApp/Info.plist;
				LD_RUNPATH_SEARCH_PATHS = "$(inherited) @executable_path/Frameworks";
				PRODUCT_BUNDLE_IDENTIFIER = com.gwc.jonei.MyiRecommendationApp;
				PRODUCT_NAME = "$(TARGET_NAME)";
				SWIFT_VERSION = 3.0;
			};
			name = Debug;
		};
		B7F12CAD20DAC43F00C9794A /* Release */ = {
			isa = XCBuildConfiguration;
			buildSettings = {
				ASSETCATALOG_COMPILER_APPICON_NAME = AppIcon;
				INFOPLIST_FILE = MyiRecommendationApp/Info.plist;
				LD_RUNPATH_SEARCH_PATHS = "$(inherited) @executable_path/Frameworks";
				PRODUCT_BUNDLE_IDENTIFIER = com.gwc.jonei.MyiRecommendationApp;
				PRODUCT_NAME = "$(TARGET_NAME)";
				SWIFT_VERSION = 3.0;
			};
			name = Release;
		};
/* End XCBuildConfiguration section */

/* Begin XCConfigurationList section */
		B7F12C9420DAC43F00C9794A /* Build configuration list for PBXProject "MyiRecommendationApp" */ = {
			isa = XCConfigurationList;
			buildConfigurations = (
				B7F12CA920DAC43F00C9794A /* Debug */,
				B7F12CAA20DAC43F00C9794A /* Release */,
			);
			defaultConfigurationIsVisible = 0;
			defaultConfigurationName = Release;
		};
		B7F12CAB20DAC43F00C9794A /* Build configuration list for PBXNativeTarget "MyiRecommendationApp" */ = {
			isa = XCConfigurationList;
			buildConfigurations = (
				B7F12CAC20DAC43F00C9794A /* Debug */,
				B7F12CAD20DAC43F00C9794A /* Release */,
			);
			defaultConfigurationIsVisible = 0;
		};
/* End XCConfigurationList section */
	};
	rootObject = B7F12C9120DAC43F00C9794A /* Project object */;
}
